
Microsoft Visual Studio Solution File, Format Version 12.00
# Visual Studio Version 16
VisualStudioVersion = 16.0.35425.106
MinimumVisualStudioVersion = 10.0.40219.1
Project("{FAE04EC0-301F-11D3-BF4B-00C04F79EFBC}") = "HW3", "HW3.csproj", "{3C0077B6-B0BF-4AD8-B6A9-CC3CC6278265}"
EndProject
Global
	GlobalSection(SolutionConfigurationPlatforms) = preSolution
		Debug|Any CPU = Debug|Any CPU
		Release|Any CPU = Release|Any CPU
	EndGlobalSection
	GlobalSection(ProjectConfigurationPlatforms) = postSolution
		{3C0077B6-B0BF-4AD8-B6A9-CC3CC6278265}.Debug|Any CPU.ActiveCfg = Debug|Any CPU
		{3C0077B6-B0BF-4AD8-B6A9-CC3CC6278265}.Debug|Any CPU.Build.0 = Debug|Any CPU
		{3C0077B6-B0BF-4AD8-B6A9-CC3CC6278265}.Release|Any CPU.ActiveCfg = Release|Any CPU
		{3C0077B6-B0BF-4AD8-B6A9-CC3CC6278265}.Release|Any CPU.Build.0 = Release|Any CPU
	EndGlobalSection
	GlobalSection(SolutionProperties) = preSolution
		HideSolutionNode = FALSE
	EndGlobalSection
	GlobalSection(ExtensibilityGlobals) = postSolution
		SolutionGuid = {B010E2F4-6573-4C14-8EF8-87F0C74AED10}
	EndGlobalSection
EndGlobal
