
Microsoft Visual Studio Solution File, Format Version 12.00
# Visual Studio Version 16
VisualStudioVersion = 16.0.35425.106
MinimumVisualStudioVersion = 10.0.40219.1
Project("{FAE04EC0-301F-11D3-BF4B-00C04F79EFBC}") = "im102_hw1", "im102_hw1.csproj", "{C2C3A93E-BDCD-4390-80FA-2767BF6AD4B3}"
EndProject
Global
	GlobalSection(SolutionConfigurationPlatforms) = preSolution
		Debug|Any CPU = Debug|Any CPU
		Release|Any CPU = Release|Any CPU
	EndGlobalSection
	GlobalSection(ProjectConfigurationPlatforms) = postSolution
		{C2C3A93E-BDCD-4390-80FA-2767BF6AD4B3}.Debug|Any CPU.ActiveCfg = Debug|Any CPU
		{C2C3A93E-BDCD-4390-80FA-2767BF6AD4B3}.Debug|Any CPU.Build.0 = Debug|Any CPU
		{C2C3A93E-BDCD-4390-80FA-2767BF6AD4B3}.Release|Any CPU.ActiveCfg = Release|Any CPU
		{C2C3A93E-BDCD-4390-80FA-2767BF6AD4B3}.Release|Any CPU.Build.0 = Release|Any CPU
	EndGlobalSection
	GlobalSection(SolutionProperties) = preSolution
		HideSolutionNode = FALSE
	EndGlobalSection
	GlobalSection(ExtensibilityGlobals) = postSolution
		SolutionGuid = {582F58FC-1CA8-41A4-AB39-08F966231411}
	EndGlobalSection
EndGlobal
